
Microsoft Visual Studio Solution File, Format Version 12.00
# Visual Studio Version 17
VisualStudioVersion = 17.8.34330.188
MinimumVisualStudioVersion = 10.0.40219.1
Project("{8BC9CEB8-8B4A-11D0-8D11-00A0C91BC942}") = "bqtj_cheat", "bqtj_cheat\bqtj_cheat.vcxproj", "{746E9533-091A-490B-9D29-D2F7ED666A8E}"
EndProject
Project("{54435603-DBB4-11D2-8724-00A0C9A8B90C}") = "万物皆薄の爆枪辅助", "万物皆薄の爆枪辅助\万物皆薄の爆枪辅助.vdproj", "{FF0FB2EE-5868-4AF4-A0B6-76B3F486DB4A}"
EndProject
Global
	GlobalSection(SolutionConfigurationPlatforms) = preSolution
		Debug|x64 = Debug|x64
		Debug|x86 = Debug|x86
		Release|x64 = Release|x64
		Release|x86 = Release|x86
	EndGlobalSection
	GlobalSection(ProjectConfigurationPlatforms) = postSolution
		{746E9533-091A-490B-9D29-D2F7ED666A8E}.Debug|x64.ActiveCfg = Debug|x64
		{746E9533-091A-490B-9D29-D2F7ED666A8E}.Debug|x64.Build.0 = Debug|x64
		{746E9533-091A-490B-9D29-D2F7ED666A8E}.Debug|x86.ActiveCfg = Debug|Win32
		{746E9533-091A-490B-9D29-D2F7ED666A8E}.Debug|x86.Build.0 = Debug|Win32
		{746E9533-091A-490B-9D29-D2F7ED666A8E}.Release|x64.ActiveCfg = Release|x64
		{746E9533-091A-490B-9D29-D2F7ED666A8E}.Release|x64.Build.0 = Release|x64
		{746E9533-091A-490B-9D29-D2F7ED666A8E}.Release|x86.ActiveCfg = Release|Win32
		{746E9533-091A-490B-9D29-D2F7ED666A8E}.Release|x86.Build.0 = Release|Win32
		{FF0FB2EE-5868-4AF4-A0B6-76B3F486DB4A}.Debug|x64.ActiveCfg = Debug
		{FF0FB2EE-5868-4AF4-A0B6-76B3F486DB4A}.Debug|x86.ActiveCfg = Debug
		{FF0FB2EE-5868-4AF4-A0B6-76B3F486DB4A}.Release|x64.ActiveCfg = Release
		{FF0FB2EE-5868-4AF4-A0B6-76B3F486DB4A}.Release|x86.ActiveCfg = Release
	EndGlobalSection
	GlobalSection(SolutionProperties) = preSolution
		HideSolutionNode = FALSE
	EndGlobalSection
	GlobalSection(ExtensibilityGlobals) = postSolution
		SolutionGuid = {7A57D948-EFCA-4441-B2A4-9CBDE56AE818}
	EndGlobalSection
EndGlobal
